
Microsoft Visual Studio Solution File, Format Version 12.00
# Visual Studio Version 16
VisualStudioVersion = 16.0.31105.61
MinimumVisualStudioVersion = 10.0.40219.1
Project("{FAE04EC0-301F-11D3-BF4B-00C04F79EFBC}") = "WeatherWithMapp", "WeatherWithMapp.csproj", "{3F285FDB-2187-4D7A-BD38-6F02ED07DD40}"
EndProject
Global
	GlobalSection(SolutionConfigurationPlatforms) = preSolution
		Debug|Any CPU = Debug|Any CPU
		Release|Any CPU = Release|Any CPU
	EndGlobalSection
	GlobalSection(ProjectConfigurationPlatforms) = postSolution
		{3F285FDB-2187-4D7A-BD38-6F02ED07DD40}.Debug|Any CPU.ActiveCfg = Debug|Any CPU
		{3F285FDB-2187-4D7A-BD38-6F02ED07DD40}.Debug|Any CPU.Build.0 = Debug|Any CPU
		{3F285FDB-2187-4D7A-BD38-6F02ED07DD40}.Release|Any CPU.ActiveCfg = Release|Any CPU
		{3F285FDB-2187-4D7A-BD38-6F02ED07DD40}.Release|Any CPU.Build.0 = Release|Any CPU
	EndGlobalSection
	GlobalSection(SolutionProperties) = preSolution
		HideSolutionNode = FALSE
	EndGlobalSection
	GlobalSection(ExtensibilityGlobals) = postSolution
		SolutionGuid = {92ED401B-BA10-477A-BAA6-08C6DB564A01}
	EndGlobalSection
EndGlobal
